// !$*UTF8*$!
{
	archiveVersion = 1;
	classes = {
	};
	objectVersion = 56;
	objects = {

/* Begin PBXBuildFile section */
		891944022BECFB32004D3F26 /* ComicView.swift in Sources */ = {isa = PBXBuildFile; fileRef = 891944012BECFB32004D3F26 /* ComicView.swift */; };
		892CD40B2BECA18900B7E1F0 /* XKCDBarApp.swift in Sources */ = {isa = PBXBuildFile; fileRef = 892CD40A2BECA18900B7E1F0 /* XKCDBarApp.swift */; };
		892CD40D2BECA18900B7E1F0 /* ContentView.swift in Sources */ = {isa = PBXBuildFile; fileRef = 892CD40C2BECA18900B7E1F0 /* ContentView.swift */; };
		892CD40F2BECA18A00B7E1F0 /* Assets.xcassets in Resources */ = {isa = PBXBuildFile; fileRef = 892CD40E2BECA18A00B7E1F0 /* Assets.xcassets */; };
		892CD4122BECA18A00B7E1F0 /* Preview Assets.xcassets in Resources */ = {isa = PBXBuildFile; fileRef = 892CD4112BECA18A00B7E1F0 /* Preview Assets.xcassets */; };
		892CD41D2BECA18A00B7E1F0 /* xkcdbarTests.swift in Sources */ = {isa = PBXBuildFile; fileRef = 892CD41C2BECA18A00B7E1F0 /* xkcdbarTests.swift */; };
		892CD4272BECA18A00B7E1F0 /* xkcdbarUITests.swift in Sources */ = {isa = PBXBuildFile; fileRef = 892CD4262BECA18A00B7E1F0 /* xkcdbarUITests.swift */; };
		892CD4292BECA18A00B7E1F0 /* xkcdbarUITestsLaunchTests.swift in Sources */ = {isa = PBXBuildFile; fileRef = 892CD4282BECA18A00B7E1F0 /* xkcdbarUITestsLaunchTests.swift */; };
		892CD4392BECA37300B7E1F0 /* XKCDService.swift in Sources */ = {isa = PBXBuildFile; fileRef = 892CD4382BECA37300B7E1F0 /* XKCDService.swift */; };
		892CD43B2BECA39100B7E1F0 /* Comic.swift in Sources */ = {isa = PBXBuildFile; fileRef = 892CD43A2BECA39100B7E1F0 /* Comic.swift */; };
		892CD43D2BECA3C100B7E1F0 /* ComicViewModel.swift in Sources */ = {isa = PBXBuildFile; fileRef = 892CD43C2BECA3C100B7E1F0 /* ComicViewModel.swift */; };
		892CD4412BECA5D300B7E1F0 /* PopoverView.swift in Sources */ = {isa = PBXBuildFile; fileRef = 892CD4402BECA5D300B7E1F0 /* PopoverView.swift */; };
		892CD44A2BECC2E700B7E1F0 /* ComicURLSession.swift in Sources */ = {isa = PBXBuildFile; fileRef = 892CD4492BECC2E700B7E1F0 /* ComicURLSession.swift */; };
/* End PBXBuildFile section */

/* Begin PBXContainerItemProxy section */
		892CD4192BECA18A00B7E1F0 /* PBXContainerItemProxy */ = {
			isa = PBXContainerItemProxy;
			containerPortal = 892CD3FF2BECA18900B7E1F0 /* Project object */;
			proxyType = 1;
			remoteGlobalIDString = 892CD4062BECA18900B7E1F0;
			remoteInfo = xkcdbar;
		};
		892CD4232BECA18A00B7E1F0 /* PBXContainerItemProxy */ = {
			isa = PBXContainerItemProxy;
			containerPortal = 892CD3FF2BECA18900B7E1F0 /* Project object */;
			proxyType = 1;
			remoteGlobalIDString = 892CD4062BECA18900B7E1F0;
			remoteInfo = xkcdbar;
		};
/* End PBXContainerItemProxy section */

/* Begin PBXFileReference section */
		891944012BECFB32004D3F26 /* ComicView.swift */ = {isa = PBXFileReference; lastKnownFileType = sourcecode.swift; path = ComicView.swift; sourceTree = "<group>"; };
		892CD4072BECA18900B7E1F0 /* xkcdbar.app */ = {isa = PBXFileReference; explicitFileType = wrapper.application; includeInIndex = 0; path = xkcdbar.app; sourceTree = BUILT_PRODUCTS_DIR; };
		892CD40A2BECA18900B7E1F0 /* XKCDBarApp.swift */ = {isa = PBXFileReference; lastKnownFileType = sourcecode.swift; path = XKCDBarApp.swift; sourceTree = "<group>"; };
		892CD40C2BECA18900B7E1F0 /* ContentView.swift */ = {isa = PBXFileReference; lastKnownFileType = sourcecode.swift; path = ContentView.swift; sourceTree = "<group>"; };
		892CD40E2BECA18A00B7E1F0 /* Assets.xcassets */ = {isa = PBXFileReference; lastKnownFileType = folder.assetcatalog; path = Assets.xcassets; sourceTree = "<group>"; };
		892CD4112BECA18A00B7E1F0 /* Preview Assets.xcassets */ = {isa = PBXFileReference; lastKnownFileType = folder.assetcatalog; path = "Preview Assets.xcassets"; sourceTree = "<group>"; };
		892CD4132BECA18A00B7E1F0 /* xkcdbar.entitlements */ = {isa = PBXFileReference; lastKnownFileType = text.plist.entitlements; path = xkcdbar.entitlements; sourceTree = "<group>"; };
		892CD4182BECA18A00B7E1F0 /* xkcdbarTests.xctest */ = {isa = PBXFileReference; explicitFileType = wrapper.cfbundle; includeInIndex = 0; path = xkcdbarTests.xctest; sourceTree = BUILT_PRODUCTS_DIR; };
		892CD41C2BECA18A00B7E1F0 /* xkcdbarTests.swift */ = {isa = PBXFileReference; lastKnownFileType = sourcecode.swift; path = xkcdbarTests.swift; sourceTree = "<group>"; };
		892CD4222BECA18A00B7E1F0 /* xkcdbarUITests.xctest */ = {isa = PBXFileReference; explicitFileType = wrapper.cfbundle; includeInIndex = 0; path = xkcdbarUITests.xctest; sourceTree = BUILT_PRODUCTS_DIR; };
		892CD4262BECA18A00B7E1F0 /* xkcdbarUITests.swift */ = {isa = PBXFileReference; lastKnownFileType = sourcecode.swift; path = xkcdbarUITests.swift; sourceTree = "<group>"; };
		892CD4282BECA18A00B7E1F0 /* xkcdbarUITestsLaunchTests.swift */ = {isa = PBXFileReference; lastKnownFileType = sourcecode.swift; path = xkcdbarUITestsLaunchTests.swift; sourceTree = "<group>"; };
		892CD4382BECA37300B7E1F0 /* XKCDService.swift */ = {isa = PBXFileReference; lastKnownFileType = sourcecode.swift; path = XKCDService.swift; sourceTree = "<group>"; };
		892CD43A2BECA39100B7E1F0 /* Comic.swift */ = {isa = PBXFileReference; lastKnownFileType = sourcecode.swift; path = Comic.swift; sourceTree = "<group>"; };
		892CD43C2BECA3C100B7E1F0 /* ComicViewModel.swift */ = {isa = PBXFileReference; lastKnownFileType = sourcecode.swift; path = ComicViewModel.swift; sourceTree = "<group>"; };
		892CD4402BECA5D300B7E1F0 /* PopoverView.swift */ = {isa = PBXFileReference; lastKnownFileType = sourcecode.swift; path = PopoverView.swift; sourceTree = "<group>"; };
		892CD4492BECC2E700B7E1F0 /* ComicURLSession.swift */ = {isa = PBXFileReference; lastKnownFileType = sourcecode.swift; path = ComicURLSession.swift; sourceTree = "<group>"; };
/* End PBXFileReference section */

/* Begin PBXFrameworksBuildPhase section */
		892CD4042BECA18900B7E1F0 /* Frameworks */ = {
			isa = PBXFrameworksBuildPhase;
			buildActionMask = 2147483647;
			files = (
			);
			runOnlyForDeploymentPostprocessing = 0;
		};
		892CD4152BECA18A00B7E1F0 /* Frameworks */ = {
			isa = PBXFrameworksBuildPhase;
			buildActionMask = 2147483647;
			files = (
			);
			runOnlyForDeploymentPostprocessing = 0;
		};
		892CD41F2BECA18A00B7E1F0 /* Frameworks */ = {
			isa = PBXFrameworksBuildPhase;
			buildActionMask = 2147483647;
			files = (
			);
			runOnlyForDeploymentPostprocessing = 0;
		};
/* End PBXFrameworksBuildPhase section */

/* Begin PBXGroup section */
		892CD3FE2BECA18900B7E1F0 = {
			isa = PBXGroup;
			children = (
				892CD4092BECA18900B7E1F0 /* xkcdbar */,
				892CD41B2BECA18A00B7E1F0 /* xkcdbarTests */,
				892CD4252BECA18A00B7E1F0 /* xkcdbarUITests */,
				892CD4082BECA18900B7E1F0 /* Products */,
			);
			sourceTree = "<group>";
		};
		892CD4082BECA18900B7E1F0 /* Products */ = {
			isa = PBXGroup;
			children = (
				892CD4072BECA18900B7E1F0 /* xkcdbar.app */,
				892CD4182BECA18A00B7E1F0 /* xkcdbarTests.xctest */,
				892CD4222BECA18A00B7E1F0 /* xkcdbarUITests.xctest */,
			);
			name = Products;
			sourceTree = "<group>";
		};
		892CD4092BECA18900B7E1F0 /* xkcdbar */ = {
			isa = PBXGroup;
			children = (
				892CD4402BECA5D300B7E1F0 /* PopoverView.swift */,
				891944012BECFB32004D3F26 /* ComicView.swift */,
				892CD40C2BECA18900B7E1F0 /* ContentView.swift */,
				892CD4492BECC2E700B7E1F0 /* ComicURLSession.swift */,
				892CD4372BECA22100B7E1F0 /* viewmodels */,
				892CD4362BECA21B00B7E1F0 /* models */,
				892CD4352BECA20B00B7E1F0 /* services */,
				892CD40A2BECA18900B7E1F0 /* XKCDBarApp.swift */,
				892CD40E2BECA18A00B7E1F0 /* Assets.xcassets */,
				892CD4132BECA18A00B7E1F0 /* xkcdbar.entitlements */,
				892CD4102BECA18A00B7E1F0 /* Preview Content */,
			);
			path = xkcdbar;
			sourceTree = "<group>";
		};
		892CD4102BECA18A00B7E1F0 /* Preview Content */ = {
			isa = PBXGroup;
			children = (
				892CD4112BECA18A00B7E1F0 /* Preview Assets.xcassets */,
			);
			path = "Preview Content";
			sourceTree = "<group>";
		};
		892CD41B2BECA18A00B7E1F0 /* xkcdbarTests */ = {
			isa = PBXGroup;
			children = (
				892CD41C2BECA18A00B7E1F0 /* xkcdbarTests.swift */,
			);
			path = xkcdbarTests;
			sourceTree = "<group>";
		};
		892CD4252BECA18A00B7E1F0 /* xkcdbarUITests */ = {
			isa = PBXGroup;
			children = (
				892CD4262BECA18A00B7E1F0 /* xkcdbarUITests.swift */,
				892CD4282BECA18A00B7E1F0 /* xkcdbarUITestsLaunchTests.swift */,
			);
			path = xkcdbarUITests;
			sourceTree = "<group>";
		};
		892CD4352BECA20B00B7E1F0 /* services */ = {
			isa = PBXGroup;
			children = (
				892CD4382BECA37300B7E1F0 /* XKCDService.swift */,
			);
			path = services;
			sourceTree = "<group>";
		};
		892CD4362BECA21B00B7E1F0 /* models */ = {
			isa = PBXGroup;
			children = (
				892CD43A2BECA39100B7E1F0 /* Comic.swift */,
			);
			path = models;
			sourceTree = "<group>";
		};
		892CD4372BECA22100B7E1F0 /* viewmodels */ = {
			isa = PBXGroup;
			children = (
				892CD43C2BECA3C100B7E1F0 /* ComicViewModel.swift */,
			);
			path = viewmodels;
			sourceTree = "<group>";
		};
/* End PBXGroup section */

/* Begin PBXNativeTarget section */
		892CD4062BECA18900B7E1F0 /* xkcdbar */ = {
			isa = PBXNativeTarget;
			buildConfigurationList = 892CD42C2BECA18A00B7E1F0 /* Build configuration list for PBXNativeTarget "xkcdbar" */;
			buildPhases = (
				892CD4032BECA18900B7E1F0 /* Sources */,
				892CD4042BECA18900B7E1F0 /* Frameworks */,
				892CD4052BECA18900B7E1F0 /* Resources */,
			);
			buildRules = (
			);
			dependencies = (
			);
			name = xkcdbar;
			productName = xkcdbar;
			productReference = 892CD4072BECA18900B7E1F0 /* xkcdbar.app */;
			productType = "com.apple.product-type.application";
		};
		892CD4172BECA18A00B7E1F0 /* xkcdbarTests */ = {
			isa = PBXNativeTarget;
			buildConfigurationList = 892CD42F2BECA18A00B7E1F0 /* Build configuration list for PBXNativeTarget "xkcdbarTests" */;
			buildPhases = (
				892CD4142BECA18A00B7E1F0 /* Sources */,
				892CD4152BECA18A00B7E1F0 /* Frameworks */,
				892CD4162BECA18A00B7E1F0 /* Resources */,
			);
			buildRules = (
			);
			dependencies = (
				892CD41A2BECA18A00B7E1F0 /* PBXTargetDependency */,
			);
			name = xkcdbarTests;
			productName = xkcdbarTests;
			productReference = 892CD4182BECA18A00B7E1F0 /* xkcdbarTests.xctest */;
			productType = "com.apple.product-type.bundle.unit-test";
		};
		892CD4212BECA18A00B7E1F0 /* xkcdbarUITests */ = {
			isa = PBXNativeTarget;
			buildConfigurationList = 892CD4322BECA18A00B7E1F0 /* Build configuration list for PBXNativeTarget "xkcdbarUITests" */;
			buildPhases = (
				892CD41E2BECA18A00B7E1F0 /* Sources */,
				892CD41F2BECA18A00B7E1F0 /* Frameworks */,
				892CD4202BECA18A00B7E1F0 /* Resources */,
			);
			buildRules = (
			);
			dependencies = (
				892CD4242BECA18A00B7E1F0 /* PBXTargetDependency */,
			);
			name = xkcdbarUITests;
			productName = xkcdbarUITests;
			productReference = 892CD4222BECA18A00B7E1F0 /* xkcdbarUITests.xctest */;
			productType = "com.apple.product-type.bundle.ui-testing";
		};
/* End PBXNativeTarget section */

/* Begin PBXProject section */
		892CD3FF2BECA18900B7E1F0 /* Project object */ = {
			isa = PBXProject;
			attributes = {
				BuildIndependentTargetsInParallel = 1;
				LastSwiftUpdateCheck = 1530;
				LastUpgradeCheck = 1530;
				TargetAttributes = {
					892CD4062BECA18900B7E1F0 = {
						CreatedOnToolsVersion = 15.3;
					};
					892CD4172BECA18A00B7E1F0 = {
						CreatedOnToolsVersion = 15.3;
						TestTargetID = 892CD4062BECA18900B7E1F0;
					};
					892CD4212BECA18A00B7E1F0 = {
						CreatedOnToolsVersion = 15.3;
						TestTargetID = 892CD4062BECA18900B7E1F0;
					};
				};
			};
			buildConfigurationList = 892CD4022BECA18900B7E1F0 /* Build configuration list for PBXProject "xkcdbar" */;
			compatibilityVersion = "Xcode 14.0";
			developmentRegion = en;
			hasScannedForEncodings = 0;
			knownRegions = (
				en,
				Base,
			);
			mainGroup = 892CD3FE2BECA18900B7E1F0;
			productRefGroup = 892CD4082BECA18900B7E1F0 /* Products */;
			projectDirPath = "";
			projectRoot = "";
			targets = (
				892CD4062BECA18900B7E1F0 /* xkcdbar */,
				892CD4172BECA18A00B7E1F0 /* xkcdbarTests */,
				892CD4212BECA18A00B7E1F0 /* xkcdbarUITests */,
			);
		};
/* End PBXProject section */

/* Begin PBXResourcesBuildPhase section */
		892CD4052BECA18900B7E1F0 /* Resources */ = {
			isa = PBXResourcesBuildPhase;
			buildActionMask = 2147483647;
			files = (
				892CD4122BECA18A00B7E1F0 /* Preview Assets.xcassets in Resources */,
				892CD40F2BECA18A00B7E1F0 /* Assets.xcassets in Resources */,
			);
			runOnlyForDeploymentPostprocessing = 0;
		};
		892CD4162BECA18A00B7E1F0 /* Resources */ = {
			isa = PBXResourcesBuildPhase;
			buildActionMask = 2147483647;
			files = (
			);
			runOnlyForDeploymentPostprocessing = 0;
		};
		892CD4202BECA18A00B7E1F0 /* Resources */ = {
			isa = PBXResourcesBuildPhase;
			buildActionMask = 2147483647;
			files = (
			);
			runOnlyForDeploymentPostprocessing = 0;
		};
/* End PBXResourcesBuildPhase section */

/* Begin PBXSourcesBuildPhase section */
		892CD4032BECA18900B7E1F0 /* Sources */ = {
			isa = PBXSourcesBuildPhase;
			buildActionMask = 2147483647;
			files = (
				891944022BECFB32004D3F26 /* ComicView.swift in Sources */,
				892CD4412BECA5D300B7E1F0 /* PopoverView.swift in Sources */,
				892CD40D2BECA18900B7E1F0 /* ContentView.swift in Sources */,
				892CD43D2BECA3C100B7E1F0 /* ComicViewModel.swift in Sources */,
				892CD44A2BECC2E700B7E1F0 /* ComicURLSession.swift in Sources */,
				892CD43B2BECA39100B7E1F0 /* Comic.swift in Sources */,
				892CD4392BECA37300B7E1F0 /* XKCDService.swift in Sources */,
				892CD40B2BECA18900B7E1F0 /* XKCDBarApp.swift in Sources */,
			);
			runOnlyForDeploymentPostprocessing = 0;
		};
		892CD4142BECA18A00B7E1F0 /* Sources */ = {
			isa = PBXSourcesBuildPhase;
			buildActionMask = 2147483647;
			files = (
				892CD41D2BECA18A00B7E1F0 /* xkcdbarTests.swift in Sources */,
			);
			runOnlyForDeploymentPostprocessing = 0;
		};
		892CD41E2BECA18A00B7E1F0 /* Sources */ = {
			isa = PBXSourcesBuildPhase;
			buildActionMask = 2147483647;
			files = (
				892CD4292BECA18A00B7E1F0 /* xkcdbarUITestsLaunchTests.swift in Sources */,
				892CD4272BECA18A00B7E1F0 /* xkcdbarUITests.swift in Sources */,
			);
			runOnlyForDeploymentPostprocessing = 0;
		};
/* End PBXSourcesBuildPhase section */

/* Begin PBXTargetDependency section */
		892CD41A2BECA18A00B7E1F0 /* PBXTargetDependency */ = {
			isa = PBXTargetDependency;
			target = 892CD4062BECA18900B7E1F0 /* xkcdbar */;
			targetProxy = 892CD4192BECA18A00B7E1F0 /* PBXContainerItemProxy */;
		};
		892CD4242BECA18A00B7E1F0 /* PBXTargetDependency */ = {
			isa = PBXTargetDependency;
			target = 892CD4062BECA18900B7E1F0 /* xkcdbar */;
			targetProxy = 892CD4232BECA18A00B7E1F0 /* PBXContainerItemProxy */;
		};
/* End PBXTargetDependency section */

/* Begin XCBuildConfiguration section */
		892CD42A2BECA18A00B7E1F0 /* Debug */ = {
			isa = XCBuildConfiguration;
			buildSettings = {
				ALWAYS_SEARCH_USER_PATHS = NO;
				ASSETCATALOG_COMPILER_GENERATE_SWIFT_ASSET_SYMBOL_EXTENSIONS = YES;
				CLANG_ANALYZER_NONNULL = YES;
				CLANG_ANALYZER_NUMBER_OBJECT_CONVERSION = YES_AGGRESSIVE;
				CLANG_CXX_LANGUAGE_STANDARD = "gnu++20";
				CLANG_ENABLE_MODULES = YES;
				CLANG_ENABLE_OBJC_ARC = YES;
				CLANG_ENABLE_OBJC_WEAK = YES;
				CLANG_WARN_BLOCK_CAPTURE_AUTORELEASING = YES;
				CLANG_WARN_BOOL_CONVERSION = YES;
				CLANG_WARN_COMMA = YES;
				CLANG_WARN_CONSTANT_CONVERSION = YES;
				CLANG_WARN_DEPRECATED_OBJC_IMPLEMENTATIONS = YES;
				CLANG_WARN_DIRECT_OBJC_ISA_USAGE = YES_ERROR;
				CLANG_WARN_DOCUMENTATION_COMMENTS = YES;
				CLANG_WARN_EMPTY_BODY = YES;
				CLANG_WARN_ENUM_CONVERSION = YES;
				CLANG_WARN_INFINITE_RECURSION = YES;
				CLANG_WARN_INT_CONVERSION = YES;
				CLANG_WARN_NON_LITERAL_NULL_CONVERSION = YES;
				CLANG_WARN_OBJC_IMPLICIT_RETAIN_SELF = YES;
				CLANG_WARN_OBJC_LITERAL_CONVERSION = YES;
				CLANG_WARN_OBJC_ROOT_CLASS = YES_ERROR;
				CLANG_WARN_QUOTED_INCLUDE_IN_FRAMEWORK_HEADER = YES;
				CLANG_WARN_RANGE_LOOP_ANALYSIS = YES;
				CLANG_WARN_STRICT_PROTOTYPES = YES;
				CLANG_WARN_SUSPICIOUS_MOVE = YES;
				CLANG_WARN_UNGUARDED_AVAILABILITY = YES_AGGRESSIVE;
				CLANG_WARN_UNREACHABLE_CODE = YES;
				CLANG_WARN__DUPLICATE_METHOD_MATCH = YES;
				COPY_PHASE_STRIP = NO;
				DEBUG_INFORMATION_FORMAT = dwarf;
				ENABLE_STRICT_OBJC_MSGSEND = YES;
				ENABLE_TESTABILITY = YES;
				ENABLE_USER_SCRIPT_SANDBOXING = YES;
				GCC_C_LANGUAGE_STANDARD = gnu17;
				GCC_DYNAMIC_NO_PIC = NO;
				GCC_NO_COMMON_BLOCKS = YES;
				GCC_OPTIMIZATION_LEVEL = 0;
				GCC_PREPROCESSOR_DEFINITIONS = (
					"DEBUG=1",
					"$(inherited)",
				);
				GCC_WARN_64_TO_32_BIT_CONVERSION = YES;
				GCC_WARN_ABOUT_RETURN_TYPE = YES_ERROR;
				GCC_WARN_UNDECLARED_SELECTOR = YES;
				GCC_WARN_UNINITIALIZED_AUTOS = YES_AGGRESSIVE;
				GCC_WARN_UNUSED_FUNCTION = YES;
				GCC_WARN_UNUSED_VARIABLE = YES;
				LOCALIZATION_PREFERS_STRING_CATALOGS = YES;
				MACOSX_DEPLOYMENT_TARGET = 14.4;
				MTL_ENABLE_DEBUG_INFO = INCLUDE_SOURCE;
				MTL_FAST_MATH = YES;
				ONLY_ACTIVE_ARCH = YES;
				SDKROOT = macosx;
				SWIFT_ACTIVE_COMPILATION_CONDITIONS = "DEBUG $(inherited)";
				SWIFT_OPTIMIZATION_LEVEL = "-Onone";
			};
			name = Debug;
		};
		892CD42B2BECA18A00B7E1F0 /* Release */ = {
			isa = XCBuildConfiguration;
			buildSettings = {
				ALWAYS_SEARCH_USER_PATHS = NO;
				ASSETCATALOG_COMPILER_GENERATE_SWIFT_ASSET_SYMBOL_EXTENSIONS = YES;
				CLANG_ANALYZER_NONNULL = YES;
				CLANG_ANALYZER_NUMBER_OBJECT_CONVERSION = YES_AGGRESSIVE;
				CLANG_CXX_LANGUAGE_STANDARD = "gnu++20";
				CLANG_ENABLE_MODULES = YES;
				CLANG_ENABLE_OBJC_ARC = YES;
				CLANG_ENABLE_OBJC_WEAK = YES;
				CLANG_WARN_BLOCK_CAPTURE_AUTORELEASING = YES;
				CLANG_WARN_BOOL_CONVERSION = YES;
				CLANG_WARN_COMMA = YES;
				CLANG_WARN_CONSTANT_CONVERSION = YES;
				CLANG_WARN_DEPRECATED_OBJC_IMPLEMENTATIONS = YES;
				CLANG_WARN_DIRECT_OBJC_ISA_USAGE = YES_ERROR;
				CLANG_WARN_DOCUMENTATION_COMMENTS = YES;
				CLANG_WARN_EMPTY_BODY = YES;
				CLANG_WARN_ENUM_CONVERSION = YES;
				CLANG_WARN_INFINITE_RECURSION = YES;
				CLANG_WARN_INT_CONVERSION = YES;
				CLANG_WARN_NON_LITERAL_NULL_CONVERSION = YES;
				CLANG_WARN_OBJC_IMPLICIT_RETAIN_SELF = YES;
				CLANG_WARN_OBJC_LITERAL_CONVERSION = YES;
				CLANG_WARN_OBJC_ROOT_CLASS = YES_ERROR;
				CLANG_WARN_QUOTED_INCLUDE_IN_FRAMEWORK_HEADER = YES;
				CLANG_WARN_RANGE_LOOP_ANALYSIS = YES;
				CLANG_WARN_STRICT_PROTOTYPES = YES;
				CLANG_WARN_SUSPICIOUS_MOVE = YES;
				CLANG_WARN_UNGUARDED_AVAILABILITY = YES_AGGRESSIVE;
				CLANG_WARN_UNREACHABLE_CODE = YES;
				CLANG_WARN__DUPLICATE_METHOD_MATCH = YES;
				COPY_PHASE_STRIP = NO;
				DEBUG_INFORMATION_FORMAT = "dwarf-with-dsym";
				ENABLE_NS_ASSERTIONS = NO;
				ENABLE_STRICT_OBJC_MSGSEND = YES;
				ENABLE_USER_SCRIPT_SANDBOXING = YES;
				GCC_C_LANGUAGE_STANDARD = gnu17;
				GCC_NO_COMMON_BLOCKS = YES;
				GCC_WARN_64_TO_32_BIT_CONVERSION = YES;
				GCC_WARN_ABOUT_RETURN_TYPE = YES_ERROR;
				GCC_WARN_UNDECLARED_SELECTOR = YES;
				GCC_WARN_UNINITIALIZED_AUTOS = YES_AGGRESSIVE;
				GCC_WARN_UNUSED_FUNCTION = YES;
				GCC_WARN_UNUSED_VARIABLE = YES;
				LOCALIZATION_PREFERS_STRING_CATALOGS = YES;
				MACOSX_DEPLOYMENT_TARGET = 14.4;
				MTL_ENABLE_DEBUG_INFO = NO;
				MTL_FAST_MATH = YES;
				SDKROOT = macosx;
				SWIFT_COMPILATION_MODE = wholemodule;
			};
			name = Release;
		};
		892CD42D2BECA18A00B7E1F0 /* Debug */ = {
			isa = XCBuildConfiguration;
			buildSettings = {
				ASSETCATALOG_COMPILER_APPICON_NAME = AppIcon;
				ASSETCATALOG_COMPILER_GLOBAL_ACCENT_COLOR_NAME = AccentColor;
				CODE_SIGN_ENTITLEMENTS = xkcdbar/xkcdbar.entitlements;
				CODE_SIGN_STYLE = Automatic;
				COMBINE_HIDPI_IMAGES = YES;
				CURRENT_PROJECT_VERSION = 1;
				DEVELOPMENT_ASSET_PATHS = "\"xkcdbar/Preview Content\"";
				ENABLE_PREVIEWS = YES;
				GENERATE_INFOPLIST_FILE = YES;
				INFOPLIST_KEY_LSUIElement = YES;
				INFOPLIST_KEY_NSHumanReadableCopyright = "";
				LD_RUNPATH_SEARCH_PATHS = (
					"$(inherited)",
					"@executable_path/../Frameworks",
				);
				MARKETING_VERSION = 1.0;
				PRODUCT_BUNDLE_IDENTIFIER = gravitytwog.xkcdbar;
				PRODUCT_NAME = "$(TARGET_NAME)";
				SWIFT_EMIT_LOC_STRINGS = YES;
				SWIFT_VERSION = 5.0;
			};
			name = Debug;
		};
		892CD42E2BECA18A00B7E1F0 /* Release */ = {
			isa = XCBuildConfiguration;
			buildSettings = {
				ASSETCATALOG_COMPILER_APPICON_NAME = AppIcon;
				ASSETCATALOG_COMPILER_GLOBAL_ACCENT_COLOR_NAME = AccentColor;
				CODE_SIGN_ENTITLEMENTS = xkcdbar/xkcdbar.entitlements;
				CODE_SIGN_STYLE = Automatic;
				COMBINE_HIDPI_IMAGES = YES;
				CURRENT_PROJECT_VERSION = 1;
				DEVELOPMENT_ASSET_PATHS = "\"xkcdbar/Preview Content\"";
				ENABLE_PREVIEWS = YES;
				GENERATE_INFOPLIST_FILE = YES;
				INFOPLIST_KEY_LSUIElement = YES;
				INFOPLIST_KEY_NSHumanReadableCopyright = "";
				LD_RUNPATH_SEARCH_PATHS = (
					"$(inherited)",
					"@executable_path/../Frameworks",
				);
				MARKETING_VERSION = 1.0;
				PRODUCT_BUNDLE_IDENTIFIER = gravitytwog.xkcdbar;
				PRODUCT_NAME = "$(TARGET_NAME)";
				SWIFT_EMIT_LOC_STRINGS = YES;
				SWIFT_VERSION = 5.0;
			};
			name = Release;
		};
		892CD4302BECA18A00B7E1F0 /* Debug */ = {
			isa = XCBuildConfiguration;
			buildSettings = {
				ALWAYS_EMBED_SWIFT_STANDARD_LIBRARIES = YES;
				BUNDLE_LOADER = "$(TEST_HOST)";
				CODE_SIGN_STYLE = Automatic;
				CURRENT_PROJECT_VERSION = 1;
				GENERATE_INFOPLIST_FILE = YES;
				MACOSX_DEPLOYMENT_TARGET = 14.4;
				MARKETING_VERSION = 1.0;
				PRODUCT_BUNDLE_IDENTIFIER = gravitytwog.xkcdbarTests;
				PRODUCT_NAME = "$(TARGET_NAME)";
				SWIFT_EMIT_LOC_STRINGS = NO;
				SWIFT_VERSION = 5.0;
				TEST_HOST = "$(BUILT_PRODUCTS_DIR)/xkcdbar.app/$(BUNDLE_EXECUTABLE_FOLDER_PATH)/xkcdbar";
			};
			name = Debug;
		};
		892CD4312BECA18A00B7E1F0 /* Release */ = {
			isa = XCBuildConfiguration;
			buildSettings = {
				ALWAYS_EMBED_SWIFT_STANDARD_LIBRARIES = YES;
				BUNDLE_LOADER = "$(TEST_HOST)";
				CODE_SIGN_STYLE = Automatic;
				CURRENT_PROJECT_VERSION = 1;
				GENERATE_INFOPLIST_FILE = YES;
				MACOSX_DEPLOYMENT_TARGET = 14.4;
				MARKETING_VERSION = 1.0;
				PRODUCT_BUNDLE_IDENTIFIER = gravitytwog.xkcdbarTests;
				PRODUCT_NAME = "$(TARGET_NAME)";
				SWIFT_EMIT_LOC_STRINGS = NO;
				SWIFT_VERSION = 5.0;
				TEST_HOST = "$(BUILT_PRODUCTS_DIR)/xkcdbar.app/$(BUNDLE_EXECUTABLE_FOLDER_PATH)/xkcdbar";
			};
			name = Release;
		};
		892CD4332BECA18A00B7E1F0 /* Debug */ = {
			isa = XCBuildConfiguration;
			buildSettings = {
				ALWAYS_EMBED_SWIFT_STANDARD_LIBRARIES = YES;
				CODE_SIGN_STYLE = Automatic;
				CURRENT_PROJECT_VERSION = 1;
				GENERATE_INFOPLIST_FILE = YES;
				MARKETING_VERSION = 1.0;
				PRODUCT_BUNDLE_IDENTIFIER = gravitytwog.xkcdbarUITests;
				PRODUCT_NAME = "$(TARGET_NAME)";
				SWIFT_EMIT_LOC_STRINGS = NO;
				SWIFT_VERSION = 5.0;
				TEST_TARGET_NAME = xkcdbar;
			};
			name = Debug;
		};
		892CD4342BECA18A00B7E1F0 /* Release */ = {
			isa = XCBuildConfiguration;
			buildSettings = {
				ALWAYS_EMBED_SWIFT_STANDARD_LIBRARIES = YES;
				CODE_SIGN_STYLE = Automatic;
				CURRENT_PROJECT_VERSION = 1;
				GENERATE_INFOPLIST_FILE = YES;
				MARKETING_VERSION = 1.0;
				PRODUCT_BUNDLE_IDENTIFIER = gravitytwog.xkcdbarUITests;
				PRODUCT_NAME = "$(TARGET_NAME)";
				SWIFT_EMIT_LOC_STRINGS = NO;
				SWIFT_VERSION = 5.0;
				TEST_TARGET_NAME = xkcdbar;
			};
			name = Release;
		};
/* End XCBuildConfiguration section */

/* Begin XCConfigurationList section */
		892CD4022BECA18900B7E1F0 /* Build configuration list for PBXProject "xkcdbar" */ = {
			isa = XCConfigurationList;
			buildConfigurations = (
				892CD42A2BECA18A00B7E1F0 /* Debug */,
				892CD42B2BECA18A00B7E1F0 /* Release */,
			);
			defaultConfigurationIsVisible = 0;
			defaultConfigurationName = Release;
		};
		892CD42C2BECA18A00B7E1F0 /* Build configuration list for PBXNativeTarget "xkcdbar" */ = {
			isa = XCConfigurationList;
			buildConfigurations = (
				892CD42D2BECA18A00B7E1F0 /* Debug */,
				892CD42E2BECA18A00B7E1F0 /* Release */,
			);
			defaultConfigurationIsVisible = 0;
			defaultConfigurationName = Release;
		};
		892CD42F2BECA18A00B7E1F0 /* Build configuration list for PBXNativeTarget "xkcdbarTests" */ = {
			isa = XCConfigurationList;
			buildConfigurations = (
				892CD4302BECA18A00B7E1F0 /* Debug */,
				892CD4312BECA18A00B7E1F0 /* Release */,
			);
			defaultConfigurationIsVisible = 0;
			defaultConfigurationName = Release;
		};
		892CD4322BECA18A00B7E1F0 /* Build configuration list for PBXNativeTarget "xkcdbarUITests" */ = {
			isa = XCConfigurationList;
			buildConfigurations = (
				892CD4332BECA18A00B7E1F0 /* Debug */,
				892CD4342BECA18A00B7E1F0 /* Release */,
			);
			defaultConfigurationIsVisible = 0;
			defaultConfigurationName = Release;
		};
/* End XCConfigurationList section */
	};
	rootObject = 892CD3FF2BECA18900B7E1F0 /* Project object */;
}
